PODS:
  - flutter_local_notifications (0.0.1):
    - FlutterMacOS
  - FlutterMacOS (1.0.0)
  - screen_time (0.0.1):
    - FlutterMacOS

DEPENDENCIES:
  - flutter_local_notifications (from `Flutter/ephemeral/.symlinks/plugins/flutter_local_notifications/macos`)
  - FlutterMacOS (from `Flutter/ephemeral`)
  - screen_time (from `Flutter/ephemeral/.symlinks/plugins/screen_time/macos`)

EXTERNAL SOURCES:
  flutter_local_notifications:
    :path: Flutter/ephemeral/.symlinks/plugins/flutter_local_notifications/macos
  FlutterMacOS:
    :path: Flutter/ephemeral
  screen_time:
    :path: Flutter/ephemeral/.symlinks/plugins/screen_time/macos

SPEC CHECKSUMS:
  flutter_local_notifications: 4bf37a31afde695b56091b4ae3e4d9c7a7e6cda0
  FlutterMacOS: 8f6f14fa908a6fb3fba0cd85dbd81ec4b251fb24
  screen_time: 51dc8cc954f437f0d0683033da7b291bcda77725

PODFILE CHECKSUM: 7eb978b976557c8c1cd717d8185ec483fd090a82

COCOAPODS: 1.16.2
